
Microsoft Visual Studio Solution File, Format Version 12.00
# Visual Studio Version 16
VisualStudioVersion = 16.0.30204.135
MinimumVisualStudioVersion = 10.0.40219.1
Project("{FAE04EC0-301F-11D3-BF4B-00C04F79EFBC}") = "SleepMonitors", "SleepMonitors.csproj", "{B535445B-1D61-4DFF-9F29-26E0E4CD0955}"
EndProject
Global
	GlobalSection(SolutionConfigurationPlatforms) = preSolution
		Debug|x86 = Debug|x86
		Release|x86 = Release|x86
	EndGlobalSection
	GlobalSection(ProjectConfigurationPlatforms) = postSolution
		{B535445B-1D61-4DFF-9F29-26E0E4CD0955}.Debug|x86.ActiveCfg = Debug|x86
		{B535445B-1D61-4DFF-9F29-26E0E4CD0955}.Debug|x86.Build.0 = Debug|x86
		{B535445B-1D61-4DFF-9F29-26E0E4CD0955}.Release|x86.ActiveCfg = Release|x86
		{B535445B-1D61-4DFF-9F29-26E0E4CD0955}.Release|x86.Build.0 = Release|x86
	EndGlobalSection
	GlobalSection(SolutionProperties) = preSolution
		HideSolutionNode = FALSE
	EndGlobalSection
	GlobalSection(ExtensibilityGlobals) = postSolution
		SolutionGuid = {57AFBFD7-47DA-4206-B1EE-BD9BD4CCA6D2}
	EndGlobalSection
EndGlobal
